
Microsoft Visual Studio Solution File, Format Version 12.00
# Visual Studio 15
Project("{FAE04EC0-301F-11D3-BF4B-00C04F79EFBC}") = "DictionaryOProj", "DictionaryOProj\DictionaryOProj.csproj", "{FADEB9FF-4B96-4A98-B83F-57DE0DAEFE17}"
EndProject
Project("{FAE04EC0-301F-11D3-BF4B-00C04F79EFBC}") = "FileIO1OProj", "FileIO1OProj\FileIO1OProj.csproj", "{3BD16E4C-7C9E-4F59-B619-1E738F25D063}"
EndProject
Project("{FAE04EC0-301F-11D3-BF4B-00C04F79EFBC}") = "LINQOProj", "LINQOProj\LINQOProj.csproj", "{CBED31DC-44A2-4696-A01B-85E2530F2EB0}"
EndProject
Project("{FAE04EC0-301F-11D3-BF4B-00C04F79EFBC}") = "Magic8BallOProj", "Magic8BallOProj\Magic8BallOProj.csproj", "{536BA1AD-A2E2-41B1-B02D-D94664005248}"
EndProject
Project("{FAE04EC0-301F-11D3-BF4B-00C04F79EFBC}") = "NumberGuessingOProj", "NumberGuessingOProj\NumberGuessingOProj.csproj", "{251E8FBD-6E6F-4F2F-B67A-F4AA9148088D}"
EndProject
Project("{FAE04EC0-301F-11D3-BF4B-00C04F79EFBC}") = "FileIO2OProj", "FileIO2OProj\FileIO2OProj.csproj", "{039CF861-BFB9-46F4-937D-58F8449F62A0}"
EndProject
Project("{FAE04EC0-301F-11D3-BF4B-00C04F79EFBC}") = "FileIO3OProj", "FileIO3OProj\FileIO3OProj.csproj", "{62A14500-B37F-4336-B7C2-872F34EC4BF9}"
EndProject
Project("{FAE04EC0-301F-11D3-BF4B-00C04F79EFBC}") = "RockPaperScissorsOProj", "RockPaperScissorsOProj\RockPaperScissorsOProj.csproj", "{7C37EF5C-BA12-426D-8B24-73C6EBDCCDF3}"
EndProject
Project("{FAE04EC0-301F-11D3-BF4B-00C04F79EFBC}") = "PolymorphismOProj", "PolymorphismOProj\PolymorphismOProj.csproj", "{28CBA357-3ECA-48A7-86F9-B39DB8C37BA8}"
EndProject
Project("{FAE04EC0-301F-11D3-BF4B-00C04F79EFBC}") = "InheritanceOProj", "InheritanceOProj\InheritanceOProj.csproj", "{57B3C112-5B14-4360-99CA-174AB1BCEFFB}"
EndProject
Project("{FAE04EC0-301F-11D3-BF4B-00C04F79EFBC}") = "TemplateOProj", "TemplateOProj\TemplateOProj.csproj", "{4BAC9BC1-94C1-42CD-AAE4-E127CFEFF4BA}"
EndProject
Project("{FAE04EC0-301F-11D3-BF4B-00C04F79EFBC}") = "QuickSortOProj", "QuickSortOProj\QuickSortOProj.csproj", "{8F7B7B00-230E-41FE-99AA-AFDE0306F2ED}"
EndProject
Project("{FAE04EC0-301F-11D3-BF4B-00C04F79EFBC}") = "SerializeOProj", "SerializeOProj\SerializeOProj.csproj", "{3F197983-BE7D-45D0-8A4E-71FE1244D161}"
EndProject
Project("{FAE04EC0-301F-11D3-BF4B-00C04F79EFBC}") = "StringBuilderOProj", "StringBuilderOProj\StringBuilderOProj.csproj", "{AA262AA7-A207-4112-8F31-EDD4455D4EA8}"
EndProject
Project("{FAE04EC0-301F-11D3-BF4B-00C04F79EFBC}") = "ArrayListOProj", "ArrayListOProj\ArrayListOProj.csproj", "{7E88E30F-D779-4287-80C2-8A799B1F12F0}"
EndProject
Project("{FAE04EC0-301F-11D3-BF4B-00C04F79EFBC}") = "LinkedListOProj", "LinkedListOProj\LinkedListOProj.csproj", "{99135ED9-728E-448A-BF65-B06339576782}"
EndProject
Project("{FAE04EC0-301F-11D3-BF4B-00C04F79EFBC}") = "TryParseOProj", "TryParseOProj\TryParseOProj.csproj", "{907667BE-E3BA-4276-B3A2-1AB523C478A0}"
EndProject
Project("{FAE04EC0-301F-11D3-BF4B-00C04F79EFBC}") = "StackOProj", "StackOProj\StackOProj.csproj", "{72FCFCB4-E207-48F4-928F-9D3A802C2773}"
EndProject
Project("{FAE04EC0-301F-11D3-BF4B-00C04F79EFBC}") = "QueueOProj", "QueueOProj\QueueOProj.csproj", "{FA8894FF-707A-42F4-8F44-54961B4FF0AD}"
EndProject
Project("{FAE04EC0-301F-11D3-BF4B-00C04F79EFBC}") = "BitManipulationOProj", "BitManipulationOProj\BitManipulationOProj.csproj", "{9BDC44AF-1622-4213-B9FF-FC9B52AE11A6}"
EndProject
Project("{FAE04EC0-301F-11D3-BF4B-00C04F79EFBC}") = "RecursiveFactorialOProj", "RecursiveFactorialOProj\RecursiveFactorialOProj.csproj", "{B7E0683A-6D55-4089-83C1-5A227EF1A160}"
EndProject
Project("{FAE04EC0-301F-11D3-BF4B-00C04F79EFBC}") = "ThreadOProj", "ThreadOProj\ThreadOProj.csproj", "{8CAE951F-A0C7-4FB8-A41A-DCFDCBBBF84D}"
EndProject
Project("{FAE04EC0-301F-11D3-BF4B-00C04F79EFBC}") = "EventOProj", "EventOProj\EventOProj.csproj", "{9686B71C-C679-444F-A60A-A31856F89999}"
EndProject
Project("{FAE04EC0-301F-11D3-BF4B-00C04F79EFBC}") = "InterfaceOProj", "InterfaceOProj\InterfaceOProj.csproj", "{259F210E-E8C3-4ADB-BC6E-061569E2D0F2}"
EndProject
Project("{FAE04EC0-301F-11D3-BF4B-00C04F79EFBC}") = "DelegateOProj", "DelegateOProj\DelegateOProj.csproj", "{5CB45FF0-E747-4B8E-BC48-91529B50803E}"
EndProject
Project("{FAE04EC0-301F-11D3-BF4B-00C04F79EFBC}") = "EncrpytEcrpytOProj", "EncrpytEcrpytOProj\EncrpytEcrpytOProj.csproj", "{A37B9317-F61A-4786-B32F-1667207DCA28}"
EndProject
Project("{FAE04EC0-301F-11D3-BF4B-00C04F79EFBC}") = "SubstringOProj", "SubstringOProj\SubstringOProj.csproj", "{48D47A33-7BAE-4831-AFBC-39398B34B3DF}"
EndProject
Project("{FAE04EC0-301F-11D3-BF4B-00C04F79EFBC}") = "SumOfDigitsOProj", "SumOfDigitsOProj\SumOfDigitsOProj.csproj", "{EE862602-15F9-4770-9932-5C1CA196F3B1}"
EndProject
Project("{FAE04EC0-301F-11D3-BF4B-00C04F79EFBC}") = "ReverseStringOProj", "ReverseStringOProj\ReverseStringOProj.csproj", "{EB6CED1A-7BE4-4807-A8FF-83895D01A1E4}"
EndProject
Project("{FAE04EC0-301F-11D3-BF4B-00C04F79EFBC}") = "RemoveDuplicateOProj", "RemoveDuplicateOProj\RemoveDuplicateOProj.csproj", "{EC7B3905-07CA-42FE-AC7C-A5442D0BCE28}"
EndProject
Project("{FAE04EC0-301F-11D3-BF4B-00C04F79EFBC}") = "LinkedListReversedOProj", "LinkedListReversedOProj\LinkedListReversedOProj.csproj", "{F5A777A0-7C9F-4A1C-9605-3C94B01D5DE7}"
EndProject
Project("{FAE04EC0-301F-11D3-BF4B-00C04F79EFBC}") = "EnumOProj", "EnumOProj\EnumOProj.csproj", "{0EEAA65D-6BA8-46B4-B9CD-466BE97394D2}"
EndProject
Project("{FAE04EC0-301F-11D3-BF4B-00C04F79EFBC}") = "AbstractOProj", "AbstractOProj\AbstractOProj.csproj", "{34DD454C-0872-4347-9AEA-C1E81A1DCB6A}"
EndProject
Project("{FAE04EC0-301F-11D3-BF4B-00C04F79EFBC}") = "InheritanceHierarchialOProj", "InheritanceHierarchialOProj\InheritanceHierarchialOProj.csproj", "{1250A05D-6B08-4979-899E-0C712CB99BDA}"
EndProject
Project("{FAE04EC0-301F-11D3-BF4B-00C04F79EFBC}") = "NestedClassesOProj", "NestedClassesOProj\NestedClassesOProj.csproj", "{604B97D9-3FDB-4328-A998-BDB946DD5B4A}"
EndProject
Project("{FAE04EC0-301F-11D3-BF4B-00C04F79EFBC}") = "ReferenceOProj", "ReferenceOProj\ReferenceOProj.csproj", "{F22F557B-919B-4F35-90C9-95B7B46FF2AF}"
EndProject
Project("{FAE04EC0-301F-11D3-BF4B-00C04F79EFBC}") = "SealedOProj", "SealedOProj\SealedOProj.csproj", "{383059DF-44F8-43E8-A634-8583BB4B156D}"
EndProject
Project("{FAE04EC0-301F-11D3-BF4B-00C04F79EFBC}") = "SortListOProj", "SortListOProj\SortListOProj.csproj", "{E50D6455-81B4-4419-99AF-67C473049E38}"
EndProject
Project("{FAE04EC0-301F-11D3-BF4B-00C04F79EFBC}") = "SortedDictionaryOProj", "SortedDictionaryOProj\SortedDictionaryOProj.csproj", "{E74C7510-DF4A-489F-AF93-1463B95DE3AE}"
EndProject
Project("{FAE04EC0-301F-11D3-BF4B-00C04F79EFBC}") = "StringTrimOProj", "StringTrimOProj\StringTrimOProj.csproj", "{B2BCF99C-0F03-4CC3-A56E-0C350DE81E96}"
EndProject
Project("{FAE04EC0-301F-11D3-BF4B-00C04F79EFBC}") = "SwitchOProj", "SwitchOProj\SwitchOProj.csproj", "{583F246F-EEE5-4593-9BEE-916627A1D202}"
EndProject
Project("{FAE04EC0-301F-11D3-BF4B-00C04F79EFBC}") = "ArrayShuffleOProj", "ArrayShuffleOProj\ArrayShuffleOProj.csproj", "{686B7691-BAB0-4B6A-879A-3A72A057D843}"
EndProject
Project("{FAE04EC0-301F-11D3-BF4B-00C04F79EFBC}") = "DecimalToBinaryOProj", "DecimalToBinaryOProj\DecimalToBinaryOProj.csproj", "{64B53FFC-97D4-4AEF-A2D8-835FDF07863E}"
EndProject
Project("{FAE04EC0-301F-11D3-BF4B-00C04F79EFBC}") = "OddOrEvenOProj", "OddOrEvenOProj\OddOrEvenOProj.csproj", "{0A53C934-C7C1-45D9-AE1F-A0A8352926A2}"
EndProject
Project("{FAE04EC0-301F-11D3-BF4B-00C04F79EFBC}") = "ParamsOProj", "ParamsOProj\ParamsOProj.csproj", "{FF2AF3CC-0BBF-4B56-9C59-D9E1FE1CE86A}"
EndProject
Project("{FAE04EC0-301F-11D3-BF4B-00C04F79EFBC}") = "StringSplitOProj", "StringSplitOProj\StringSplitOProj.csproj", "{ED576F0E-BDF2-4860-8270-35E56D2F1F3B}"
EndProject
Project("{FAE04EC0-301F-11D3-BF4B-00C04F79EFBC}") = "LambdaOProj", "LambdaOProj\LambdaOProj.csproj", "{8CA5BD89-E72F-488B-8E0E-6A480BAD368D}"
EndProject
Global
	GlobalSection(SolutionConfigurationPlatforms) = preSolution
		Debug|Any CPU = Debug|Any CPU
		Release|Any CPU = Release|Any CPU
	EndGlobalSection
	GlobalSection(ProjectConfigurationPlatforms) = postSolution
		{FADEB9FF-4B96-4A98-B83F-57DE0DAEFE17}.Debug|Any CPU.ActiveCfg = Debug|Any CPU
		{FADEB9FF-4B96-4A98-B83F-57DE0DAEFE17}.Debug|Any CPU.Build.0 = Debug|Any CPU
		{FADEB9FF-4B96-4A98-B83F-57DE0DAEFE17}.Release|Any CPU.ActiveCfg = Release|Any CPU
		{FADEB9FF-4B96-4A98-B83F-57DE0DAEFE17}.Release|Any CPU.Build.0 = Release|Any CPU
		{3BD16E4C-7C9E-4F59-B619-1E738F25D063}.Debug|Any CPU.ActiveCfg = Debug|Any CPU
		{3BD16E4C-7C9E-4F59-B619-1E738F25D063}.Debug|Any CPU.Build.0 = Debug|Any CPU
		{3BD16E4C-7C9E-4F59-B619-1E738F25D063}.Release|Any CPU.ActiveCfg = Release|Any CPU
		{3BD16E4C-7C9E-4F59-B619-1E738F25D063}.Release|Any CPU.Build.0 = Release|Any CPU
		{CBED31DC-44A2-4696-A01B-85E2530F2EB0}.Debug|Any CPU.ActiveCfg = Debug|Any CPU
		{CBED31DC-44A2-4696-A01B-85E2530F2EB0}.Debug|Any CPU.Build.0 = Debug|Any CPU
		{CBED31DC-44A2-4696-A01B-85E2530F2EB0}.Release|Any CPU.ActiveCfg = Release|Any CPU
		{CBED31DC-44A2-4696-A01B-85E2530F2EB0}.Release|Any CPU.Build.0 = Release|Any CPU
		{536BA1AD-A2E2-41B1-B02D-D94664005248}.Debug|Any CPU.ActiveCfg = Debug|Any CPU
		{536BA1AD-A2E2-41B1-B02D-D94664005248}.Debug|Any CPU.Build.0 = Debug|Any CPU
		{536BA1AD-A2E2-41B1-B02D-D94664005248}.Release|Any CPU.ActiveCfg = Release|Any CPU
		{536BA1AD-A2E2-41B1-B02D-D94664005248}.Release|Any CPU.Build.0 = Release|Any CPU
		{251E8FBD-6E6F-4F2F-B67A-F4AA9148088D}.Debug|Any CPU.ActiveCfg = Debug|Any CPU
		{251E8FBD-6E6F-4F2F-B67A-F4AA9148088D}.Debug|Any CPU.Build.0 = Debug|Any CPU
		{251E8FBD-6E6F-4F2F-B67A-F4AA9148088D}.Release|Any CPU.ActiveCfg = Release|Any CPU
		{251E8FBD-6E6F-4F2F-B67A-F4AA9148088D}.Release|Any CPU.Build.0 = Release|Any CPU
		{039CF861-BFB9-46F4-937D-58F8449F62A0}.Debug|Any CPU.ActiveCfg = Debug|Any CPU
		{039CF861-BFB9-46F4-937D-58F8449F62A0}.Debug|Any CPU.Build.0 = Debug|Any CPU
		{039CF861-BFB9-46F4-937D-58F8449F62A0}.Release|Any CPU.ActiveCfg = Release|Any CPU
		{039CF861-BFB9-46F4-937D-58F8449F62A0}.Release|Any CPU.Build.0 = Release|Any CPU
		{62A14500-B37F-4336-B7C2-872F34EC4BF9}.Debug|Any CPU.ActiveCfg = Debug|Any CPU
		{62A14500-B37F-4336-B7C2-872F34EC4BF9}.Debug|Any CPU.Build.0 = Debug|Any CPU
		{62A14500-B37F-4336-B7C2-872F34EC4BF9}.Release|Any CPU.ActiveCfg = Release|Any CPU
		{62A14500-B37F-4336-B7C2-872F34EC4BF9}.Release|Any CPU.Build.0 = Release|Any CPU
		{7C37EF5C-BA12-426D-8B24-73C6EBDCCDF3}.Debug|Any CPU.ActiveCfg = Debug|Any CPU
		{7C37EF5C-BA12-426D-8B24-73C6EBDCCDF3}.Debug|Any CPU.Build.0 = Debug|Any CPU
		{7C37EF5C-BA12-426D-8B24-73C6EBDCCDF3}.Release|Any CPU.ActiveCfg = Release|Any CPU
		{7C37EF5C-BA12-426D-8B24-73C6EBDCCDF3}.Release|Any CPU.Build.0 = Release|Any CPU
		{28CBA357-3ECA-48A7-86F9-B39DB8C37BA8}.Debug|Any CPU.ActiveCfg = Debug|Any CPU
		{28CBA357-3ECA-48A7-86F9-B39DB8C37BA8}.Debug|Any CPU.Build.0 = Debug|Any CPU
		{28CBA357-3ECA-48A7-86F9-B39DB8C37BA8}.Release|Any CPU.ActiveCfg = Release|Any CPU
		{28CBA357-3ECA-48A7-86F9-B39DB8C37BA8}.Release|Any CPU.Build.0 = Release|Any CPU
		{57B3C112-5B14-4360-99CA-174AB1BCEFFB}.Debug|Any CPU.ActiveCfg = Debug|Any CPU
		{57B3C112-5B14-4360-99CA-174AB1BCEFFB}.Debug|Any CPU.Build.0 = Debug|Any CPU
		{57B3C112-5B14-4360-99CA-174AB1BCEFFB}.Release|Any CPU.ActiveCfg = Release|Any CPU
		{57B3C112-5B14-4360-99CA-174AB1BCEFFB}.Release|Any CPU.Build.0 = Release|Any CPU
		{4BAC9BC1-94C1-42CD-AAE4-E127CFEFF4BA}.Debug|Any CPU.ActiveCfg = Debug|Any CPU
		{4BAC9BC1-94C1-42CD-AAE4-E127CFEFF4BA}.Debug|Any CPU.Build.0 = Debug|Any CPU
		{4BAC9BC1-94C1-42CD-AAE4-E127CFEFF4BA}.Release|Any CPU.ActiveCfg = Release|Any CPU
		{4BAC9BC1-94C1-42CD-AAE4-E127CFEFF4BA}.Release|Any CPU.Build.0 = Release|Any CPU
		{8F7B7B00-230E-41FE-99AA-AFDE0306F2ED}.Debug|Any CPU.ActiveCfg = Debug|Any CPU
		{8F7B7B00-230E-41FE-99AA-AFDE0306F2ED}.Debug|Any CPU.Build.0 = Debug|Any CPU
		{8F7B7B00-230E-41FE-99AA-AFDE0306F2ED}.Release|Any CPU.ActiveCfg = Release|Any CPU
		{8F7B7B00-230E-41FE-99AA-AFDE0306F2ED}.Release|Any CPU.Build.0 = Release|Any CPU
		{3F197983-BE7D-45D0-8A4E-71FE1244D161}.Debug|Any CPU.ActiveCfg = Debug|Any CPU
		{3F197983-BE7D-45D0-8A4E-71FE1244D161}.Debug|Any CPU.Build.0 = Debug|Any CPU
		{3F197983-BE7D-45D0-8A4E-71FE1244D161}.Release|Any CPU.ActiveCfg = Release|Any CPU
		{3F197983-BE7D-45D0-8A4E-71FE1244D161}.Release|Any CPU.Build.0 = Release|Any CPU
		{AA262AA7-A207-4112-8F31-EDD4455D4EA8}.Debug|Any CPU.ActiveCfg = Debug|Any CPU
		{AA262AA7-A207-4112-8F31-EDD4455D4EA8}.Debug|Any CPU.Build.0 = Debug|Any CPU
		{AA262AA7-A207-4112-8F31-EDD4455D4EA8}.Release|Any CPU.ActiveCfg = Release|Any CPU
		{AA262AA7-A207-4112-8F31-EDD4455D4EA8}.Release|Any CPU.Build.0 = Release|Any CPU
		{7E88E30F-D779-4287-80C2-8A799B1F12F0}.Debug|Any CPU.ActiveCfg = Debug|Any CPU
		{7E88E30F-D779-4287-80C2-8A799B1F12F0}.Debug|Any CPU.Build.0 = Debug|Any CPU
		{7E88E30F-D779-4287-80C2-8A799B1F12F0}.Release|Any CPU.ActiveCfg = Release|Any CPU
		{7E88E30F-D779-4287-80C2-8A799B1F12F0}.Release|Any CPU.Build.0 = Release|Any CPU
		{99135ED9-728E-448A-BF65-B06339576782}.Debug|Any CPU.ActiveCfg = Debug|Any CPU
		{99135ED9-728E-448A-BF65-B06339576782}.Debug|Any CPU.Build.0 = Debug|Any CPU
		{99135ED9-728E-448A-BF65-B06339576782}.Release|Any CPU.ActiveCfg = Release|Any CPU
		{99135ED9-728E-448A-BF65-B06339576782}.Release|Any CPU.Build.0 = Release|Any CPU
		{907667BE-E3BA-4276-B3A2-1AB523C478A0}.Debug|Any CPU.ActiveCfg = Debug|Any CPU
		{907667BE-E3BA-4276-B3A2-1AB523C478A0}.Debug|Any CPU.Build.0 = Debug|Any CPU
		{907667BE-E3BA-4276-B3A2-1AB523C478A0}.Release|Any CPU.ActiveCfg = Release|Any CPU
		{907667BE-E3BA-4276-B3A2-1AB523C478A0}.Release|Any CPU.Build.0 = Release|Any CPU
		{72FCFCB4-E207-48F4-928F-9D3A802C2773}.Debug|Any CPU.ActiveCfg = Debug|Any CPU
		{72FCFCB4-E207-48F4-928F-9D3A802C2773}.Debug|Any CPU.Build.0 = Debug|Any CPU
		{72FCFCB4-E207-48F4-928F-9D3A802C2773}.Release|Any CPU.ActiveCfg = Release|Any CPU
		{72FCFCB4-E207-48F4-928F-9D3A802C2773}.Release|Any CPU.Build.0 = Release|Any CPU
		{FA8894FF-707A-42F4-8F44-54961B4FF0AD}.Debug|Any CPU.ActiveCfg = Debug|Any CPU
		{FA8894FF-707A-42F4-8F44-54961B4FF0AD}.Debug|Any CPU.Build.0 = Debug|Any CPU
		{FA8894FF-707A-42F4-8F44-54961B4FF0AD}.Release|Any CPU.ActiveCfg = Release|Any CPU
		{FA8894FF-707A-42F4-8F44-54961B4FF0AD}.Release|Any CPU.Build.0 = Release|Any CPU
		{9BDC44AF-1622-4213-B9FF-FC9B52AE11A6}.Debug|Any CPU.ActiveCfg = Debug|Any CPU
		{9BDC44AF-1622-4213-B9FF-FC9B52AE11A6}.Debug|Any CPU.Build.0 = Debug|Any CPU
		{9BDC44AF-1622-4213-B9FF-FC9B52AE11A6}.Release|Any CPU.ActiveCfg = Release|Any CPU
		{9BDC44AF-1622-4213-B9FF-FC9B52AE11A6}.Release|Any CPU.Build.0 = Release|Any CPU
		{B7E0683A-6D55-4089-83C1-5A227EF1A160}.Debug|Any CPU.ActiveCfg = Debug|Any CPU
		{B7E0683A-6D55-4089-83C1-5A227EF1A160}.Debug|Any CPU.Build.0 = Debug|Any CPU
		{B7E0683A-6D55-4089-83C1-5A227EF1A160}.Release|Any CPU.ActiveCfg = Release|Any CPU
		{B7E0683A-6D55-4089-83C1-5A227EF1A160}.Release|Any CPU.Build.0 = Release|Any CPU
		{8CAE951F-A0C7-4FB8-A41A-DCFDCBBBF84D}.Debug|Any CPU.ActiveCfg = Debug|Any CPU
		{8CAE951F-A0C7-4FB8-A41A-DCFDCBBBF84D}.Debug|Any CPU.Build.0 = Debug|Any CPU
		{8CAE951F-A0C7-4FB8-A41A-DCFDCBBBF84D}.Release|Any CPU.ActiveCfg = Release|Any CPU
		{8CAE951F-A0C7-4FB8-A41A-DCFDCBBBF84D}.Release|Any CPU.Build.0 = Release|Any CPU
		{9686B71C-C679-444F-A60A-A31856F89999}.Debug|Any CPU.ActiveCfg = Debug|Any CPU
		{9686B71C-C679-444F-A60A-A31856F89999}.Debug|Any CPU.Build.0 = Debug|Any CPU
		{9686B71C-C679-444F-A60A-A31856F89999}.Release|Any CPU.ActiveCfg = Release|Any CPU
		{9686B71C-C679-444F-A60A-A31856F89999}.Release|Any CPU.Build.0 = Release|Any CPU
		{259F210E-E8C3-4ADB-BC6E-061569E2D0F2}.Debug|Any CPU.ActiveCfg = Debug|Any CPU
		{259F210E-E8C3-4ADB-BC6E-061569E2D0F2}.Debug|Any CPU.Build.0 = Debug|Any CPU
		{259F210E-E8C3-4ADB-BC6E-061569E2D0F2}.Release|Any CPU.ActiveCfg = Release|Any CPU
		{259F210E-E8C3-4ADB-BC6E-061569E2D0F2}.Release|Any CPU.Build.0 = Release|Any CPU
		{5CB45FF0-E747-4B8E-BC48-91529B50803E}.Debug|Any CPU.ActiveCfg = Debug|Any CPU
		{5CB45FF0-E747-4B8E-BC48-91529B50803E}.Debug|Any CPU.Build.0 = Debug|Any CPU
		{5CB45FF0-E747-4B8E-BC48-91529B50803E}.Release|Any CPU.ActiveCfg = Release|Any CPU
		{5CB45FF0-E747-4B8E-BC48-91529B50803E}.Release|Any CPU.Build.0 = Release|Any CPU
		{A37B9317-F61A-4786-B32F-1667207DCA28}.Debug|Any CPU.ActiveCfg = Debug|Any CPU
		{A37B9317-F61A-4786-B32F-1667207DCA28}.Debug|Any CPU.Build.0 = Debug|Any CPU
		{A37B9317-F61A-4786-B32F-1667207DCA28}.Release|Any CPU.ActiveCfg = Release|Any CPU
		{A37B9317-F61A-4786-B32F-1667207DCA28}.Release|Any CPU.Build.0 = Release|Any CPU
		{48D47A33-7BAE-4831-AFBC-39398B34B3DF}.Debug|Any CPU.ActiveCfg = Debug|Any CPU
		{48D47A33-7BAE-4831-AFBC-39398B34B3DF}.Debug|Any CPU.Build.0 = Debug|Any CPU
		{48D47A33-7BAE-4831-AFBC-39398B34B3DF}.Release|Any CPU.ActiveCfg = Release|Any CPU
		{48D47A33-7BAE-4831-AFBC-39398B34B3DF}.Release|Any CPU.Build.0 = Release|Any CPU
		{EE862602-15F9-4770-9932-5C1CA196F3B1}.Debug|Any CPU.ActiveCfg = Debug|Any CPU
		{EE862602-15F9-4770-9932-5C1CA196F3B1}.Debug|Any CPU.Build.0 = Debug|Any CPU
		{EE862602-15F9-4770-9932-5C1CA196F3B1}.Release|Any CPU.ActiveCfg = Release|Any CPU
		{EE862602-15F9-4770-9932-5C1CA196F3B1}.Release|Any CPU.Build.0 = Release|Any CPU
		{EB6CED1A-7BE4-4807-A8FF-83895D01A1E4}.Debug|Any CPU.ActiveCfg = Debug|Any CPU
		{EB6CED1A-7BE4-4807-A8FF-83895D01A1E4}.Debug|Any CPU.Build.0 = Debug|Any CPU
		{EB6CED1A-7BE4-4807-A8FF-83895D01A1E4}.Release|Any CPU.ActiveCfg = Release|Any CPU
		{EB6CED1A-7BE4-4807-A8FF-83895D01A1E4}.Release|Any CPU.Build.0 = Release|Any CPU
		{EC7B3905-07CA-42FE-AC7C-A5442D0BCE28}.Debug|Any CPU.ActiveCfg = Debug|Any CPU
		{EC7B3905-07CA-42FE-AC7C-A5442D0BCE28}.Debug|Any CPU.Build.0 = Debug|Any CPU
		{EC7B3905-07CA-42FE-AC7C-A5442D0BCE28}.Release|Any CPU.ActiveCfg = Release|Any CPU
		{EC7B3905-07CA-42FE-AC7C-A5442D0BCE28}.Release|Any CPU.Build.0 = Release|Any CPU
		{F5A777A0-7C9F-4A1C-9605-3C94B01D5DE7}.Debug|Any CPU.ActiveCfg = Debug|Any CPU
		{F5A777A0-7C9F-4A1C-9605-3C94B01D5DE7}.Debug|Any CPU.Build.0 = Debug|Any CPU
		{F5A777A0-7C9F-4A1C-9605-3C94B01D5DE7}.Release|Any CPU.ActiveCfg = Release|Any CPU
		{F5A777A0-7C9F-4A1C-9605-3C94B01D5DE7}.Release|Any CPU.Build.0 = Release|Any CPU
		{0EEAA65D-6BA8-46B4-B9CD-466BE97394D2}.Debug|Any CPU.ActiveCfg = Debug|Any CPU
		{0EEAA65D-6BA8-46B4-B9CD-466BE97394D2}.Debug|Any CPU.Build.0 = Debug|Any CPU
		{0EEAA65D-6BA8-46B4-B9CD-466BE97394D2}.Release|Any CPU.ActiveCfg = Release|Any CPU
		{0EEAA65D-6BA8-46B4-B9CD-466BE97394D2}.Release|Any CPU.Build.0 = Release|Any CPU
		{34DD454C-0872-4347-9AEA-C1E81A1DCB6A}.Debug|Any CPU.ActiveCfg = Debug|Any CPU
		{34DD454C-0872-4347-9AEA-C1E81A1DCB6A}.Debug|Any CPU.Build.0 = Debug|Any CPU
		{34DD454C-0872-4347-9AEA-C1E81A1DCB6A}.Release|Any CPU.ActiveCfg = Release|Any CPU
		{34DD454C-0872-4347-9AEA-C1E81A1DCB6A}.Release|Any CPU.Build.0 = Release|Any CPU
		{1250A05D-6B08-4979-899E-0C712CB99BDA}.Debug|Any CPU.ActiveCfg = Debug|Any CPU
		{1250A05D-6B08-4979-899E-0C712CB99BDA}.Debug|Any CPU.Build.0 = Debug|Any CPU
		{1250A05D-6B08-4979-899E-0C712CB99BDA}.Release|Any CPU.ActiveCfg = Release|Any CPU
		{1250A05D-6B08-4979-899E-0C712CB99BDA}.Release|Any CPU.Build.0 = Release|Any CPU
		{604B97D9-3FDB-4328-A998-BDB946DD5B4A}.Debug|Any CPU.ActiveCfg = Debug|Any CPU
		{604B97D9-3FDB-4328-A998-BDB946DD5B4A}.Debug|Any CPU.Build.0 = Debug|Any CPU
		{604B97D9-3FDB-4328-A998-BDB946DD5B4A}.Release|Any CPU.ActiveCfg = Release|Any CPU
		{604B97D9-3FDB-4328-A998-BDB946DD5B4A}.Release|Any CPU.Build.0 = Release|Any CPU
		{F22F557B-919B-4F35-90C9-95B7B46FF2AF}.Debug|Any CPU.ActiveCfg = Debug|Any CPU
		{F22F557B-919B-4F35-90C9-95B7B46FF2AF}.Debug|Any CPU.Build.0 = Debug|Any CPU
		{F22F557B-919B-4F35-90C9-95B7B46FF2AF}.Release|Any CPU.ActiveCfg = Release|Any CPU
		{F22F557B-919B-4F35-90C9-95B7B46FF2AF}.Release|Any CPU.Build.0 = Release|Any CPU
		{383059DF-44F8-43E8-A634-8583BB4B156D}.Debug|Any CPU.ActiveCfg = Debug|Any CPU
		{383059DF-44F8-43E8-A634-8583BB4B156D}.Debug|Any CPU.Build.0 = Debug|Any CPU
		{383059DF-44F8-43E8-A634-8583BB4B156D}.Release|Any CPU.ActiveCfg = Release|Any CPU
		{383059DF-44F8-43E8-A634-8583BB4B156D}.Release|Any CPU.Build.0 = Release|Any CPU
		{E50D6455-81B4-4419-99AF-67C473049E38}.Debug|Any CPU.ActiveCfg = Debug|Any CPU
		{E50D6455-81B4-4419-99AF-67C473049E38}.Debug|Any CPU.Build.0 = Debug|Any CPU
		{E50D6455-81B4-4419-99AF-67C473049E38}.Release|Any CPU.ActiveCfg = Release|Any CPU
		{E50D6455-81B4-4419-99AF-67C473049E38}.Release|Any CPU.Build.0 = Release|Any CPU
		{E74C7510-DF4A-489F-AF93-1463B95DE3AE}.Debug|Any CPU.ActiveCfg = Debug|Any CPU
		{E74C7510-DF4A-489F-AF93-1463B95DE3AE}.Debug|Any CPU.Build.0 = Debug|Any CPU
		{E74C7510-DF4A-489F-AF93-1463B95DE3AE}.Release|Any CPU.ActiveCfg = Release|Any CPU
		{E74C7510-DF4A-489F-AF93-1463B95DE3AE}.Release|Any CPU.Build.0 = Release|Any CPU
		{B2BCF99C-0F03-4CC3-A56E-0C350DE81E96}.Debug|Any CPU.ActiveCfg = Debug|Any CPU
		{B2BCF99C-0F03-4CC3-A56E-0C350DE81E96}.Debug|Any CPU.Build.0 = Debug|Any CPU
		{B2BCF99C-0F03-4CC3-A56E-0C350DE81E96}.Release|Any CPU.ActiveCfg = Release|Any CPU
		{B2BCF99C-0F03-4CC3-A56E-0C350DE81E96}.Release|Any CPU.Build.0 = Release|Any CPU
		{583F246F-EEE5-4593-9BEE-916627A1D202}.Debug|Any CPU.ActiveCfg = Debug|Any CPU
		{583F246F-EEE5-4593-9BEE-916627A1D202}.Debug|Any CPU.Build.0 = Debug|Any CPU
		{583F246F-EEE5-4593-9BEE-916627A1D202}.Release|Any CPU.ActiveCfg = Release|Any CPU
		{583F246F-EEE5-4593-9BEE-916627A1D202}.Release|Any CPU.Build.0 = Release|Any CPU
		{686B7691-BAB0-4B6A-879A-3A72A057D843}.Debug|Any CPU.ActiveCfg = Debug|Any CPU
		{686B7691-BAB0-4B6A-879A-3A72A057D843}.Debug|Any CPU.Build.0 = Debug|Any CPU
		{686B7691-BAB0-4B6A-879A-3A72A057D843}.Release|Any CPU.ActiveCfg = Release|Any CPU
		{686B7691-BAB0-4B6A-879A-3A72A057D843}.Release|Any CPU.Build.0 = Release|Any CPU
		{64B53FFC-97D4-4AEF-A2D8-835FDF07863E}.Debug|Any CPU.ActiveCfg = Debug|Any CPU
		{64B53FFC-97D4-4AEF-A2D8-835FDF07863E}.Debug|Any CPU.Build.0 = Debug|Any CPU
		{64B53FFC-97D4-4AEF-A2D8-835FDF07863E}.Release|Any CPU.ActiveCfg = Release|Any CPU
		{64B53FFC-97D4-4AEF-A2D8-835FDF07863E}.Release|Any CPU.Build.0 = Release|Any CPU
		{0A53C934-C7C1-45D9-AE1F-A0A8352926A2}.Debug|Any CPU.ActiveCfg = Debug|Any CPU
		{0A53C934-C7C1-45D9-AE1F-A0A8352926A2}.Debug|Any CPU.Build.0 = Debug|Any CPU
		{0A53C934-C7C1-45D9-AE1F-A0A8352926A2}.Release|Any CPU.ActiveCfg = Release|Any CPU
		{0A53C934-C7C1-45D9-AE1F-A0A8352926A2}.Release|Any CPU.Build.0 = Release|Any CPU
		{FF2AF3CC-0BBF-4B56-9C59-D9E1FE1CE86A}.Debug|Any CPU.ActiveCfg = Debug|Any CPU
		{FF2AF3CC-0BBF-4B56-9C59-D9E1FE1CE86A}.Debug|Any CPU.Build.0 = Debug|Any CPU
		{FF2AF3CC-0BBF-4B56-9C59-D9E1FE1CE86A}.Release|Any CPU.ActiveCfg = Release|Any CPU
		{FF2AF3CC-0BBF-4B56-9C59-D9E1FE1CE86A}.Release|Any CPU.Build.0 = Release|Any CPU
		{ED576F0E-BDF2-4860-8270-35E56D2F1F3B}.Debug|Any CPU.ActiveCfg = Debug|Any CPU
		{ED576F0E-BDF2-4860-8270-35E56D2F1F3B}.Debug|Any CPU.Build.0 = Debug|Any CPU
		{ED576F0E-BDF2-4860-8270-35E56D2F1F3B}.Release|Any CPU.ActiveCfg = Release|Any CPU
		{ED576F0E-BDF2-4860-8270-35E56D2F1F3B}.Release|Any CPU.Build.0 = Release|Any CPU
		{8CA5BD89-E72F-488B-8E0E-6A480BAD368D}.Debug|Any CPU.ActiveCfg = Debug|Any CPU
		{8CA5BD89-E72F-488B-8E0E-6A480BAD368D}.Debug|Any CPU.Build.0 = Debug|Any CPU
		{8CA5BD89-E72F-488B-8E0E-6A480BAD368D}.Release|Any CPU.ActiveCfg = Release|Any CPU
		{8CA5BD89-E72F-488B-8E0E-6A480BAD368D}.Release|Any CPU.Build.0 = Release|Any CPU
	EndGlobalSection
EndGlobal
